
Microsoft Visual Studio Solution File, Format Version 12.00
# Visual Studio Version 16
VisualStudioVersion = 16.0.31321.278
MinimumVisualStudioVersion = 10.0.40219.1
Project("{9A19103F-16F7-4668-BE54-9A1E7A4F7556}") = "DAL", "DAL\DAL.csproj", "{2627CDEF-A732-480C-8308-04B169492D7B}"
EndProject
Project("{9A19103F-16F7-4668-BE54-9A1E7A4F7556}") = "DbFirst", "DbFirst\DbFirst.csproj", "{1EFFE8C3-7310-4E3E-905F-046396104E0F}"
EndProject
Project("{9A19103F-16F7-4668-BE54-9A1E7A4F7556}") = "EF_WebApp", "EF_WebApp\EF_WebApp.csproj", "{D7117052-5694-44A0-BF5A-5B9868BE2224}"
EndProject
Project("{9A19103F-16F7-4668-BE54-9A1E7A4F7556}") = "Repositories", "Repositories\Repositories.csproj", "{B045C813-608D-484C-A347-79842127920E}"
EndProject
Project("{FAE04EC0-301F-11D3-BF4B-00C04F79EFBC}") = "WebAPI", "WebAPI\WebAPI.csproj", "{7AB3E00B-9C4E-49EE-BF80-425287C878EB}"
EndProject
Global
	GlobalSection(SolutionConfigurationPlatforms) = preSolution
		Debug|Any CPU = Debug|Any CPU
		Release|Any CPU = Release|Any CPU
	EndGlobalSection
	GlobalSection(ProjectConfigurationPlatforms) = postSolution
		{2627CDEF-A732-480C-8308-04B169492D7B}.Debug|Any CPU.ActiveCfg = Debug|Any CPU
		{2627CDEF-A732-480C-8308-04B169492D7B}.Debug|Any CPU.Build.0 = Debug|Any CPU
		{2627CDEF-A732-480C-8308-04B169492D7B}.Release|Any CPU.ActiveCfg = Release|Any CPU
		{2627CDEF-A732-480C-8308-04B169492D7B}.Release|Any CPU.Build.0 = Release|Any CPU
		{1EFFE8C3-7310-4E3E-905F-046396104E0F}.Debug|Any CPU.ActiveCfg = Debug|Any CPU
		{1EFFE8C3-7310-4E3E-905F-046396104E0F}.Debug|Any CPU.Build.0 = Debug|Any CPU
		{1EFFE8C3-7310-4E3E-905F-046396104E0F}.Release|Any CPU.ActiveCfg = Release|Any CPU
		{1EFFE8C3-7310-4E3E-905F-046396104E0F}.Release|Any CPU.Build.0 = Release|Any CPU
		{D7117052-5694-44A0-BF5A-5B9868BE2224}.Debug|Any CPU.ActiveCfg = Debug|Any CPU
		{D7117052-5694-44A0-BF5A-5B9868BE2224}.Debug|Any CPU.Build.0 = Debug|Any CPU
		{D7117052-5694-44A0-BF5A-5B9868BE2224}.Release|Any CPU.ActiveCfg = Release|Any CPU
		{D7117052-5694-44A0-BF5A-5B9868BE2224}.Release|Any CPU.Build.0 = Release|Any CPU
		{B045C813-608D-484C-A347-79842127920E}.Debug|Any CPU.ActiveCfg = Debug|Any CPU
		{B045C813-608D-484C-A347-79842127920E}.Debug|Any CPU.Build.0 = Debug|Any CPU
		{B045C813-608D-484C-A347-79842127920E}.Release|Any CPU.ActiveCfg = Release|Any CPU
		{B045C813-608D-484C-A347-79842127920E}.Release|Any CPU.Build.0 = Release|Any CPU
		{7AB3E00B-9C4E-49EE-BF80-425287C878EB}.Debug|Any CPU.ActiveCfg = Debug|Any CPU
		{7AB3E00B-9C4E-49EE-BF80-425287C878EB}.Debug|Any CPU.Build.0 = Debug|Any CPU
		{7AB3E00B-9C4E-49EE-BF80-425287C878EB}.Release|Any CPU.ActiveCfg = Release|Any CPU
		{7AB3E00B-9C4E-49EE-BF80-425287C878EB}.Release|Any CPU.Build.0 = Release|Any CPU
	EndGlobalSection
	GlobalSection(SolutionProperties) = preSolution
		HideSolutionNode = FALSE
	EndGlobalSection
	GlobalSection(ExtensibilityGlobals) = postSolution
		SolutionGuid = {18E257D4-5576-4112-A9C6-CAECFB8F681F}
	EndGlobalSection
EndGlobal
